
Microsoft Visual Studio Solution File, Format Version 10.00
# Visual Studio 2008
Project("{FAE04EC0-301F-11D3-BF4B-00C04F79EFBC}") = "inherit", "inherit\inherit.csproj", "{146273D1-C4E8-4E9E-B2EC-7474CDBA65C2}"
EndProject
Global
	GlobalSection(SolutionConfigurationPlatforms) = preSolution
		Debug|Any CPU = Debug|Any CPU
		Release|Any CPU = Release|Any CPU
	EndGlobalSection
	GlobalSection(ProjectConfigurationPlatforms) = postSolution
		{146273D1-C4E8-4E9E-B2EC-7474CDBA65C2}.Debug|Any CPU.ActiveCfg = Debug|Any CPU
		{146273D1-C4E8-4E9E-B2EC-7474CDBA65C2}.Debug|Any CPU.Build.0 = Debug|Any CPU
		{146273D1-C4E8-4E9E-B2EC-7474CDBA65C2}.Release|Any CPU.ActiveCfg = Release|Any CPU
		{146273D1-C4E8-4E9E-B2EC-7474CDBA65C2}.Release|Any CPU.Build.0 = Release|Any CPU
	EndGlobalSection
	GlobalSection(SolutionProperties) = preSolution
		HideSolutionNode = FALSE
	EndGlobalSection
EndGlobal
