
Microsoft Visual Studio Solution File, Format Version 10.00
# Visual Studio 2008
Project("{FAE04EC0-301F-11D3-BF4B-00C04F79EFBC}") = "preprocessor", "preprocessor\preprocessor.csproj", "{57900492-FF0F-4D4A-BD8D-F1AF5EDB579B}"
EndProject
Global
	GlobalSection(SolutionConfigurationPlatforms) = preSolution
		Debug|Any CPU = Debug|Any CPU
		Release|Any CPU = Release|Any CPU
	EndGlobalSection
	GlobalSection(ProjectConfigurationPlatforms) = postSolution
		{57900492-FF0F-4D4A-BD8D-F1AF5EDB579B}.Debug|Any CPU.ActiveCfg = Debug|Any CPU
		{57900492-FF0F-4D4A-BD8D-F1AF5EDB579B}.Debug|Any CPU.Build.0 = Debug|Any CPU
		{57900492-FF0F-4D4A-BD8D-F1AF5EDB579B}.Release|Any CPU.ActiveCfg = Release|Any CPU
		{57900492-FF0F-4D4A-BD8D-F1AF5EDB579B}.Release|Any CPU.Build.0 = Release|Any CPU
	EndGlobalSection
	GlobalSection(SolutionProperties) = preSolution
		HideSolutionNode = FALSE
	EndGlobalSection
EndGlobal
