
Microsoft Visual Studio Solution File, Format Version 10.00
# Visual Studio 2008
Project("{FAE04EC0-301F-11D3-BF4B-00C04F79EFBC}") = "delegateevent", "delegateevent\delegateevent.csproj", "{F24C16A6-56F8-4396-9D23-EEED6F653A28}"
EndProject
Global
	GlobalSection(SolutionConfigurationPlatforms) = preSolution
		Debug|Any CPU = Debug|Any CPU
		Release|Any CPU = Release|Any CPU
	EndGlobalSection
	GlobalSection(ProjectConfigurationPlatforms) = postSolution
		{F24C16A6-56F8-4396-9D23-EEED6F653A28}.Debug|Any CPU.ActiveCfg = Debug|Any CPU
		{F24C16A6-56F8-4396-9D23-EEED6F653A28}.Debug|Any CPU.Build.0 = Debug|Any CPU
		{F24C16A6-56F8-4396-9D23-EEED6F653A28}.Release|Any CPU.ActiveCfg = Release|Any CPU
		{F24C16A6-56F8-4396-9D23-EEED6F653A28}.Release|Any CPU.Build.0 = Release|Any CPU
	EndGlobalSection
	GlobalSection(SolutionProperties) = preSolution
		HideSolutionNode = FALSE
	EndGlobalSection
EndGlobal
